// !$*UTF8*$!
{
	archiveVersion = 1;
	classes = {
	};
	objectVersion = 50;
	objects = {

/* Begin PBXBuildFile section */
		FE8CAF01218DCFE200DCC945 /* AppDelegate.m in Sources */ = {isa = PBXBuildFile; fileRef = FE8CAF00218DCFE200DCC945 /* AppDelegate.m */; };
		FE8CAF04218DCFE200DCC945 /* ViewController.m in Sources */ = {isa = PBXBuildFile; fileRef = FE8CAF03218DCFE200DCC945 /* ViewController.m */; };
		FE8CAF07218DCFE200DCC945 /* Main.storyboard in Resources */ = {isa = PBXBuildFile; fileRef = FE8CAF05218DCFE200DCC945 /* Main.storyboard */; };
		FE8CAF09218DCFEE00DCC945 /* Assets.xcassets in Resources */ = {isa = PBXBuildFile; fileRef = FE8CAF08218DCFEE00DCC945 /* Assets.xcassets */; };
		FE8CAF0C218DCFEE00DCC945 /* LaunchScreen.storyboard in Resources */ = {isa = PBXBuildFile; fileRef = FE8CAF0A218DCFEE00DCC945 /* LaunchScreen.storyboard */; };
		FE8CAF0F218DCFEE00DCC945 /* main.m in Sources */ = {isa = PBXBuildFile; fileRef = FE8CAF0E218DCFEE00DCC945 /* main.m */; };
		FE8CAF16218DDAED00DCC945 /* 1.jpg in Resources */ = {isa = PBXBuildFile; fileRef = FE8CAF15218DDAED00DCC945 /* 1.jpg */; };
		FE8CAF18218DDC1500DCC945 /* Images.xcassets in Resources */ = {isa = PBXBuildFile; fileRef = FE8CAF17218DDC1500DCC945 /* Images.xcassets */; };
/* End PBXBuildFile section */

/* Begin PBXFileReference section */
		FE8CAEFC218DCFE200DCC945 /* 本地通知.app */ = {isa = PBXFileReference; explicitFileType = wrapper.application; includeInIndex = 0; path = "本地通知.app"; sourceTree = BUILT_PRODUCTS_DIR; };
		FE8CAEFF218DCFE200DCC945 /* AppDelegate.h */ = {isa = PBXFileReference; lastKnownFileType = sourcecode.c.h; path = AppDelegate.h; sourceTree = "<group>"; };
		FE8CAF00218DCFE200DCC945 /* AppDelegate.m */ = {isa = PBXFileReference; lastKnownFileType = sourcecode.c.objc; path = AppDelegate.m; sourceTree = "<group>"; };
		FE8CAF02218DCFE200DCC945 /* ViewController.h */ = {isa = PBXFileReference; lastKnownFileType = sourcecode.c.h; path = ViewController.h; sourceTree = "<group>"; };
		FE8CAF03218DCFE200DCC945 /* ViewController.m */ = {isa = PBXFileReference; lastKnownFileType = sourcecode.c.objc; path = ViewController.m; sourceTree = "<group>"; };
		FE8CAF06218DCFE200DCC945 /* Base */ = {isa = PBXFileReference; lastKnownFileType = file.storyboard; name = Base; path = Base.lproj/Main.storyboard; sourceTree = "<group>"; };
		FE8CAF08218DCFEE00DCC945 /* Assets.xcassets */ = {isa = PBXFileReference; lastKnownFileType = folder.assetcatalog; path = Assets.xcassets; sourceTree = "<group>"; };
		FE8CAF0B218DCFEE00DCC945 /* Base */ = {isa = PBXFileReference; lastKnownFileType = file.storyboard; name = Base; path = Base.lproj/LaunchScreen.storyboard; sourceTree = "<group>"; };
		FE8CAF0D218DCFEE00DCC945 /* Info.plist */ = {isa = PBXFileReference; lastKnownFileType = text.plist.xml; path = Info.plist; sourceTree = "<group>"; };
		FE8CAF0E218DCFEE00DCC945 /* main.m */ = {isa = PBXFileReference; lastKnownFileType = sourcecode.c.objc; path = main.m; sourceTree = "<group>"; };
		FE8CAF15218DDAED00DCC945 /* 1.jpg */ = {isa = PBXFileReference; lastKnownFileType = image.jpeg; path = 1.jpg; sourceTree = "<group>"; };
		FE8CAF17218DDC1500DCC945 /* Images.xcassets */ = {isa = PBXFileReference; lastKnownFileType = folder.assetcatalog; path = Images.xcassets; sourceTree = "<group>"; };
/* End PBXFileReference section */

/* Begin PBXFrameworksBuildPhase section */
		FE8CAEF9218DCFE200DCC945 /* Frameworks */ = {
			isa = PBXFrameworksBuildPhase;
			buildActionMask = 2147483647;
			files = (
			);
			runOnlyForDeploymentPostprocessing = 0;
		};
/* End PBXFrameworksBuildPhase section */

/* Begin PBXGroup section */
		FE8CAEF3218DCFE200DCC945 = {
			isa = PBXGroup;
			children = (
				FE8CAEFE218DCFE200DCC945 /* 本地通知 */,
				FE8CAEFD218DCFE200DCC945 /* Products */,
			);
			sourceTree = "<group>";
		};
		FE8CAEFD218DCFE200DCC945 /* Products */ = {
			isa = PBXGroup;
			children = (
				FE8CAEFC218DCFE200DCC945 /* 本地通知.app */,
			);
			name = Products;
			sourceTree = "<group>";
		};
		FE8CAEFE218DCFE200DCC945 /* 本地通知 */ = {
			isa = PBXGroup;
			children = (
				FE8CAF15218DDAED00DCC945 /* 1.jpg */,
				FE8CAEFF218DCFE200DCC945 /* AppDelegate.h */,
				FE8CAF00218DCFE200DCC945 /* AppDelegate.m */,
				FE8CAF02218DCFE200DCC945 /* ViewController.h */,
				FE8CAF03218DCFE200DCC945 /* ViewController.m */,
				FE8CAF05218DCFE200DCC945 /* Main.storyboard */,
				FE8CAF08218DCFEE00DCC945 /* Assets.xcassets */,
				FE8CAF0A218DCFEE00DCC945 /* LaunchScreen.storyboard */,
				FE8CAF0D218DCFEE00DCC945 /* Info.plist */,
				FE8CAF0E218DCFEE00DCC945 /* main.m */,
				FE8CAF17218DDC1500DCC945 /* Images.xcassets */,
			);
			path = "本地通知";
			sourceTree = "<group>";
		};
/* End PBXGroup section */

/* Begin PBXNativeTarget section */
		FE8CAEFB218DCFE200DCC945 /* 本地通知 */ = {
			isa = PBXNativeTarget;
			buildConfigurationList = FE8CAF12218DCFEE00DCC945 /* Build configuration list for PBXNativeTarget "本地通知" */;
			buildPhases = (
				FE8CAEF8218DCFE200DCC945 /* Sources */,
				FE8CAEF9218DCFE200DCC945 /* Frameworks */,
				FE8CAEFA218DCFE200DCC945 /* Resources */,
			);
			buildRules = (
			);
			dependencies = (
			);
			name = "本地通知";
			productName = "本地通知";
			productReference = FE8CAEFC218DCFE200DCC945 /* 本地通知.app */;
			productType = "com.apple.product-type.application";
		};
/* End PBXNativeTarget section */

/* Begin PBXProject section */
		FE8CAEF4218DCFE200DCC945 /* Project object */ = {
			isa = PBXProject;
			attributes = {
				LastUpgradeCheck = 1000;
				ORGANIZATIONNAME = Sunweisheng;
				TargetAttributes = {
					FE8CAEFB218DCFE200DCC945 = {
						CreatedOnToolsVersion = 10.0;
					};
				};
			};
			buildConfigurationList = FE8CAEF7218DCFE200DCC945 /* Build configuration list for PBXProject "本地通知" */;
			compatibilityVersion = "Xcode 9.3";
			developmentRegion = en;
			hasScannedForEncodings = 0;
			knownRegions = (
				en,
				Base,
			);
			mainGroup = FE8CAEF3218DCFE200DCC945;
			productRefGroup = FE8CAEFD218DCFE200DCC945 /* Products */;
			projectDirPath = "";
			projectRoot = "";
			targets = (
				FE8CAEFB218DCFE200DCC945 /* 本地通知 */,
			);
		};
/* End PBXProject section */

/* Begin PBXResourcesBuildPhase section */
		FE8CAEFA218DCFE200DCC945 /* Resources */ = {
			isa = PBXResourcesBuildPhase;
			buildActionMask = 2147483647;
			files = (
				FE8CAF0C218DCFEE00DCC945 /* LaunchScreen.storyboard in Resources */,
				FE8CAF18218DDC1500DCC945 /* Images.xcassets in Resources */,
				FE8CAF09218DCFEE00DCC945 /* Assets.xcassets in Resources */,
				FE8CAF07218DCFE200DCC945 /* Main.storyboard in Resources */,
				FE8CAF16218DDAED00DCC945 /* 1.jpg in Resources */,
			);
			runOnlyForDeploymentPostprocessing = 0;
		};
/* End PBXResourcesBuildPhase section */

/* Begin PBXSourcesBuildPhase section */
		FE8CAEF8218DCFE200DCC945 /* Sources */ = {
			isa = PBXSourcesBuildPhase;
			buildActionMask = 2147483647;
			files = (
				FE8CAF04218DCFE200DCC945 /* ViewController.m in Sources */,
				FE8CAF0F218DCFEE00DCC945 /* main.m in Sources */,
				FE8CAF01218DCFE200DCC945 /* AppDelegate.m in Sources */,
			);
			runOnlyForDeploymentPostprocessing = 0;
		};
/* End PBXSourcesBuildPhase section */

/* Begin PBXVariantGroup section */
		FE8CAF05218DCFE200DCC945 /* Main.storyboard */ = {
			isa = PBXVariantGroup;
			children = (
				FE8CAF06218DCFE200DCC945 /* Base */,
			);
			name = Main.storyboard;
			sourceTree = "<group>";
		};
		FE8CAF0A218DCFEE00DCC945 /* LaunchScreen.storyboard */ = {
			isa = PBXVariantGroup;
			children = (
				FE8CAF0B218DCFEE00DCC945 /* Base */,
			);
			name = LaunchScreen.storyboard;
			sourceTree = "<group>";
		};
/* End PBXVariantGroup section */

/* Begin XCBuildConfiguration section */
		FE8CAF10218DCFEE00DCC945 /* Debug */ = {
			isa = XCBuildConfiguration;
			buildSettings = {
				ALWAYS_SEARCH_USER_PATHS = NO;
				CLANG_ANALYZER_NONNULL = YES;
				CLANG_ANALYZER_NUMBER_OBJECT_CONVERSION = YES_AGGRESSIVE;
				CLANG_CXX_LANGUAGE_STANDARD = "gnu++14";
				CLANG_CXX_LIBRARY = "libc++";
				CLANG_ENABLE_MODULES = YES;
				CLANG_ENABLE_OBJC_ARC = YES;
				CLANG_ENABLE_OBJC_WEAK = YES;
				CLANG_WARN_BLOCK_CAPTURE_AUTORELEASING = YES;
				CLANG_WARN_BOOL_CONVERSION = YES;
				CLANG_WARN_COMMA = YES;
				CLANG_WARN_CONSTANT_CONVERSION = YES;
				CLANG_WARN_DEPRECATED_OBJC_IMPLEMENTATIONS = YES;
				CLANG_WARN_DIRECT_OBJC_ISA_USAGE = YES_ERROR;
				CLANG_WARN_DOCUMENTATION_COMMENTS = YES;
				CLANG_WARN_EMPTY_BODY = YES;
				CLANG_WARN_ENUM_CONVERSION = YES;
				CLANG_WARN_INFINITE_RECURSION = YES;
				CLANG_WARN_INT_CONVERSION = YES;
				CLANG_WARN_NON_LITERAL_NULL_CONVERSION = YES;
				CLANG_WARN_OBJC_IMPLICIT_RETAIN_SELF = YES;
				CLANG_WARN_OBJC_LITERAL_CONVERSION = YES;
				CLANG_WARN_OBJC_ROOT_CLASS = YES_ERROR;
				CLANG_WARN_RANGE_LOOP_ANALYSIS = YES;
				CLANG_WARN_STRICT_PROTOTYPES = YES;
				CLANG_WARN_SUSPICIOUS_MOVE = YES;
				CLANG_WARN_UNGUARDED_AVAILABILITY = YES_AGGRESSIVE;
				CLANG_WARN_UNREACHABLE_CODE = YES;
				CLANG_WARN__DUPLICATE_METHOD_MATCH = YES;
				CODE_SIGN_IDENTITY = "iPhone Developer";
				COPY_PHASE_STRIP = NO;
				DEBUG_INFORMATION_FORMAT = dwarf;
				ENABLE_STRICT_OBJC_MSGSEND = YES;
				ENABLE_TESTABILITY = YES;
				GCC_C_LANGUAGE_STANDARD = gnu11;
				GCC_DYNAMIC_NO_PIC = NO;
				GCC_NO_COMMON_BLOCKS = YES;
				GCC_OPTIMIZATION_LEVEL = 0;
				GCC_PREPROCESSOR_DEFINITIONS = (
					"DEBUG=1",
					"$(inherited)",
				);
				GCC_WARN_64_TO_32_BIT_CONVERSION = YES;
				GCC_WARN_ABOUT_RETURN_TYPE = YES_ERROR;
				GCC_WARN_UNDECLARED_SELECTOR = YES;
				GCC_WARN_UNINITIALIZED_AUTOS = YES_AGGRESSIVE;
				GCC_WARN_UNUSED_FUNCTION = YES;
				GCC_WARN_UNUSED_VARIABLE = YES;
				IPHONEOS_DEPLOYMENT_TARGET = 9.0;
				MTL_ENABLE_DEBUG_INFO = INCLUDE_SOURCE;
				MTL_FAST_MATH = YES;
				ONLY_ACTIVE_ARCH = YES;
				SDKROOT = iphoneos;
			};
			name = Debug;
		};
		FE8CAF11218DCFEE00DCC945 /* Release */ = {
			isa = XCBuildConfiguration;
			buildSettings = {
				ALWAYS_SEARCH_USER_PATHS = NO;
				CLANG_ANALYZER_NONNULL = YES;
				CLANG_ANALYZER_NUMBER_OBJECT_CONVERSION = YES_AGGRESSIVE;
				CLANG_CXX_LANGUAGE_STANDARD = "gnu++14";
				CLANG_CXX_LIBRARY = "libc++";
				CLANG_ENABLE_MODULES = YES;
				CLANG_ENABLE_OBJC_ARC = YES;
				CLANG_ENABLE_OBJC_WEAK = YES;
				CLANG_WARN_BLOCK_CAPTURE_AUTORELEASING = YES;
				CLANG_WARN_BOOL_CONVERSION = YES;
				CLANG_WARN_COMMA = YES;
				CLANG_WARN_CONSTANT_CONVERSION = YES;
				CLANG_WARN_DEPRECATED_OBJC_IMPLEMENTATIONS = YES;
				CLANG_WARN_DIRECT_OBJC_ISA_USAGE = YES_ERROR;
				CLANG_WARN_DOCUMENTATION_COMMENTS = YES;
				CLANG_WARN_EMPTY_BODY = YES;
				CLANG_WARN_ENUM_CONVERSION = YES;
				CLANG_WARN_INFINITE_RECURSION = YES;
				CLANG_WARN_INT_CONVERSION = YES;
				CLANG_WARN_NON_LITERAL_NULL_CONVERSION = YES;
				CLANG_WARN_OBJC_IMPLICIT_RETAIN_SELF = YES;
				CLANG_WARN_OBJC_LITERAL_CONVERSION = YES;
				CLANG_WARN_OBJC_ROOT_CLASS = YES_ERROR;
				CLANG_WARN_RANGE_LOOP_ANALYSIS = YES;
				CLANG_WARN_STRICT_PROTOTYPES = YES;
				CLANG_WARN_SUSPICIOUS_MOVE = YES;
				CLANG_WARN_UNGUARDED_AVAILABILITY = YES_AGGRESSIVE;
				CLANG_WARN_UNREACHABLE_CODE = YES;
				CLANG_WARN__DUPLICATE_METHOD_MATCH = YES;
				CODE_SIGN_IDENTITY = "iPhone Developer";
				COPY_PHASE_STRIP = NO;
				DEBUG_INFORMATION_FORMAT = "dwarf-with-dsym";
				ENABLE_NS_ASSERTIONS = NO;
				ENABLE_STRICT_OBJC_MSGSEND = YES;
				GCC_C_LANGUAGE_STANDARD = gnu11;
				GCC_NO_COMMON_BLOCKS = YES;
				GCC_WARN_64_TO_32_BIT_CONVERSION = YES;
				GCC_WARN_ABOUT_RETURN_TYPE = YES_ERROR;
				GCC_WARN_UNDECLARED_SELECTOR = YES;
				GCC_WARN_UNINITIALIZED_AUTOS = YES_AGGRESSIVE;
				GCC_WARN_UNUSED_FUNCTION = YES;
				GCC_WARN_UNUSED_VARIABLE = YES;
				IPHONEOS_DEPLOYMENT_TARGET = 9.0;
				MTL_ENABLE_DEBUG_INFO = NO;
				MTL_FAST_MATH = YES;
				SDKROOT = iphoneos;
				VALIDATE_PRODUCT = YES;
			};
			name = Release;
		};
		FE8CAF13218DCFEE00DCC945 /* Debug */ = {
			isa = XCBuildConfiguration;
			buildSettings = {
				ASSETCATALOG_COMPILER_APPICON_NAME = AppIcon;
				ASSETCATALOG_COMPILER_LAUNCHIMAGE_NAME = LaunchImage;
				CODE_SIGN_STYLE = Automatic;
				INFOPLIST_FILE = "本地通知/Info.plist";
				IPHONEOS_DEPLOYMENT_TARGET = 9.0;
				LD_RUNPATH_SEARCH_PATHS = (
					"$(inherited)",
					"@executable_path/Frameworks",
				);
				PRODUCT_BUNDLE_IDENTIFIER = "com.sunweisheng.----";
				PRODUCT_NAME = "$(TARGET_NAME)";
				TARGETED_DEVICE_FAMILY = "1,2";
			};
			name = Debug;
		};
		FE8CAF14218DCFEE00DCC945 /* Release */ = {
			isa = XCBuildConfiguration;
			buildSettings = {
				ASSETCATALOG_COMPILER_APPICON_NAME = AppIcon;
				ASSETCATALOG_COMPILER_LAUNCHIMAGE_NAME = LaunchImage;
				CODE_SIGN_STYLE = Automatic;
				INFOPLIST_FILE = "本地通知/Info.plist";
				IPHONEOS_DEPLOYMENT_TARGET = 9.0;
				LD_RUNPATH_SEARCH_PATHS = (
					"$(inherited)",
					"@executable_path/Frameworks",
				);
				PRODUCT_BUNDLE_IDENTIFIER = "com.sunweisheng.----";
				PRODUCT_NAME = "$(TARGET_NAME)";
				TARGETED_DEVICE_FAMILY = "1,2";
			};
			name = Release;
		};
/* End XCBuildConfiguration section */

/* Begin XCConfigurationList section */
		FE8CAEF7218DCFE200DCC945 /* Build configuration list for PBXProject "本地通知" */ = {
			isa = XCConfigurationList;
			buildConfigurations = (
				FE8CAF10218DCFEE00DCC945 /* Debug */,
				FE8CAF11218DCFEE00DCC945 /* Release */,
			);
			defaultConfigurationIsVisible = 0;
			defaultConfigurationName = Release;
		};
		FE8CAF12218DCFEE00DCC945 /* Build configuration list for PBXNativeTarget "本地通知" */ = {
			isa = XCConfigurationList;
			buildConfigurations = (
				FE8CAF13218DCFEE00DCC945 /* Debug */,
				FE8CAF14218DCFEE00DCC945 /* Release */,
			);
			defaultConfigurationIsVisible = 0;
			defaultConfigurationName = Release;
		};
/* End XCConfigurationList section */
	};
	rootObject = FE8CAEF4218DCFE200DCC945 /* Project object */;
}
